
Microsoft Visual Studio Solution File, Format Version 12.00
# Visual Studio 15
VisualStudioVersion = 15.0.27703.2018
MinimumVisualStudioVersion = 10.0.40219.1
Project("{FAE04EC0-301F-11D3-BF4B-00C04F79EFBC}") = "Industry4-camerana-gruppo1", "Industry4-camerana-gruppo1\Industry4-camerana-gruppo1.csproj", "{BA9D8D8C-18F3-4A80-AD56-8511F447BC99}"
EndProject
Global
	GlobalSection(SolutionConfigurationPlatforms) = preSolution
		Debug|Any CPU = Debug|Any CPU
		Release|Any CPU = Release|Any CPU
	EndGlobalSection
	GlobalSection(ProjectConfigurationPlatforms) = postSolution
		{BA9D8D8C-18F3-4A80-AD56-8511F447BC99}.Debug|Any CPU.ActiveCfg = Debug|Any CPU
		{BA9D8D8C-18F3-4A80-AD56-8511F447BC99}.Debug|Any CPU.Build.0 = Debug|Any CPU
		{BA9D8D8C-18F3-4A80-AD56-8511F447BC99}.Release|Any CPU.ActiveCfg = Release|Any CPU
		{BA9D8D8C-18F3-4A80-AD56-8511F447BC99}.Release|Any CPU.Build.0 = Release|Any CPU
	EndGlobalSection
	GlobalSection(SolutionProperties) = preSolution
		HideSolutionNode = FALSE
	EndGlobalSection
	GlobalSection(ExtensibilityGlobals) = postSolution
		SolutionGuid = {34D045D2-D4BA-40C7-A2C7-7653F788A618}
	EndGlobalSection
EndGlobal
